// !$*UTF8*$!
{
	archiveVersion = 1;
	classes = {
	};
	objectVersion = 50;
	objects = {

/* Begin PBXBuildFile section */
		8153C36E21F23649004C2616 /* AppDelegate.swift in Sources */ = {isa = PBXBuildFile; fileRef = 8153C36D21F23649004C2616 /* AppDelegate.swift */; };
		8153C37021F23649004C2616 /* ViewController.swift in Sources */ = {isa = PBXBuildFile; fileRef = 8153C36F21F23649004C2616 /* ViewController.swift */; };
		8153C37321F23649004C2616 /* Main.storyboard in Resources */ = {isa = PBXBuildFile; fileRef = 8153C37121F23649004C2616 /* Main.storyboard */; };
		8153C37521F2364A004C2616 /* Assets.xcassets in Resources */ = {isa = PBXBuildFile; fileRef = 8153C37421F2364A004C2616 /* Assets.xcassets */; };
		8153C37821F2364A004C2616 /* LaunchScreen.storyboard in Resources */ = {isa = PBXBuildFile; fileRef = 8153C37621F2364A004C2616 /* LaunchScreen.storyboard */; };
		81EB554821F8F4CE00358436 /* FocusSquare.swift in Sources */ = {isa = PBXBuildFile; fileRef = 81EB554721F8F4CE00358436 /* FocusSquare.swift */; };
		81EB554A21F8F4DF00358436 /* FocusSquareSegment.swift in Sources */ = {isa = PBXBuildFile; fileRef = 81EB554921F8F4DF00358436 /* FocusSquareSegment.swift */; };
		81EB554D21F8F9A700358436 /* Utilities.swift in Sources */ = {isa = PBXBuildFile; fileRef = 81EB554C21F8F9A700358436 /* Utilities.swift */; };
		81EB554F21F9074000358436 /* VirtualObjectARView.swift in Sources */ = {isa = PBXBuildFile; fileRef = 81EB554E21F9074000358436 /* VirtualObjectARView.swift */; };
		81EB555221F9089300358436 /* VRObject.swift in Sources */ = {isa = PBXBuildFile; fileRef = 81EB555121F9089300358436 /* VRObject.swift */; };
		81ED14DD21FB676400987E7C /* VirtualObjectLoader.swift in Sources */ = {isa = PBXBuildFile; fileRef = 81ED14DC21FB676400987E7C /* VirtualObjectLoader.swift */; };
		81ED14E121FE555100987E7C /* StatusViewController.swift in Sources */ = {isa = PBXBuildFile; fileRef = 81ED14E021FE555100987E7C /* StatusViewController.swift */; };
		81ED14E321FFB41600987E7C /* VirtualObjectSelection.swift in Sources */ = {isa = PBXBuildFile; fileRef = 81ED14E221FFB41600987E7C /* VirtualObjectSelection.swift */; };
/* End PBXBuildFile section */

/* Begin PBXFileReference section */
		8153C36A21F23649004C2616 /* Home Painter.app */ = {isa = PBXFileReference; explicitFileType = wrapper.application; includeInIndex = 0; path = "Home Painter.app"; sourceTree = BUILT_PRODUCTS_DIR; };
		8153C36D21F23649004C2616 /* AppDelegate.swift */ = {isa = PBXFileReference; lastKnownFileType = sourcecode.swift; path = AppDelegate.swift; sourceTree = "<group>"; };
		8153C36F21F23649004C2616 /* ViewController.swift */ = {isa = PBXFileReference; lastKnownFileType = sourcecode.swift; path = ViewController.swift; sourceTree = "<group>"; };
		8153C37221F23649004C2616 /* Base */ = {isa = PBXFileReference; lastKnownFileType = file.storyboard; name = Base; path = Base.lproj/Main.storyboard; sourceTree = "<group>"; };
		8153C37421F2364A004C2616 /* Assets.xcassets */ = {isa = PBXFileReference; lastKnownFileType = folder.assetcatalog; path = Assets.xcassets; sourceTree = "<group>"; };
		8153C37721F2364A004C2616 /* Base */ = {isa = PBXFileReference; lastKnownFileType = file.storyboard; name = Base; path = Base.lproj/LaunchScreen.storyboard; sourceTree = "<group>"; };
		8153C37921F2364A004C2616 /* Info.plist */ = {isa = PBXFileReference; lastKnownFileType = text.plist.xml; path = Info.plist; sourceTree = "<group>"; };
		81EB554721F8F4CE00358436 /* FocusSquare.swift */ = {isa = PBXFileReference; lastKnownFileType = sourcecode.swift; path = FocusSquare.swift; sourceTree = "<group>"; };
		81EB554921F8F4DF00358436 /* FocusSquareSegment.swift */ = {isa = PBXFileReference; lastKnownFileType = sourcecode.swift; path = FocusSquareSegment.swift; sourceTree = "<group>"; };
		81EB554C21F8F9A700358436 /* Utilities.swift */ = {isa = PBXFileReference; lastKnownFileType = sourcecode.swift; path = Utilities.swift; sourceTree = "<group>"; };
		81EB554E21F9074000358436 /* VirtualObjectARView.swift */ = {isa = PBXFileReference; lastKnownFileType = sourcecode.swift; path = VirtualObjectARView.swift; sourceTree = "<group>"; };
		81EB555121F9089300358436 /* VRObject.swift */ = {isa = PBXFileReference; lastKnownFileType = sourcecode.swift; path = VRObject.swift; sourceTree = "<group>"; };
		81ED14DC21FB676400987E7C /* VirtualObjectLoader.swift */ = {isa = PBXFileReference; lastKnownFileType = sourcecode.swift; path = VirtualObjectLoader.swift; sourceTree = "<group>"; };
		81ED14E021FE555100987E7C /* StatusViewController.swift */ = {isa = PBXFileReference; lastKnownFileType = sourcecode.swift; path = StatusViewController.swift; sourceTree = "<group>"; };
		81ED14E221FFB41600987E7C /* VirtualObjectSelection.swift */ = {isa = PBXFileReference; lastKnownFileType = sourcecode.swift; path = VirtualObjectSelection.swift; sourceTree = "<group>"; };
/* End PBXFileReference section */

/* Begin PBXFrameworksBuildPhase section */
		8153C36721F23649004C2616 /* Frameworks */ = {
			isa = PBXFrameworksBuildPhase;
			buildActionMask = 2147483647;
			files = (
			);
			runOnlyForDeploymentPostprocessing = 0;
		};
/* End PBXFrameworksBuildPhase section */

/* Begin PBXGroup section */
		8153C36121F23649004C2616 = {
			isa = PBXGroup;
			children = (
				8153C36C21F23649004C2616 /* Home Painter */,
				8153C36B21F23649004C2616 /* Products */,
			);
			sourceTree = "<group>";
		};
		8153C36B21F23649004C2616 /* Products */ = {
			isa = PBXGroup;
			children = (
				8153C36A21F23649004C2616 /* Home Painter.app */,
			);
			name = Products;
			sourceTree = "<group>";
		};
		8153C36C21F23649004C2616 /* Home Painter */ = {
			isa = PBXGroup;
			children = (
				8153C36D21F23649004C2616 /* AppDelegate.swift */,
				8153C36F21F23649004C2616 /* ViewController.swift */,
				81EB554E21F9074000358436 /* VirtualObjectARView.swift */,
				81EB554B21F8F53800358436 /* Focus Square */,
				81EB555021F9088100358436 /* VRObjects */,
				81ED14DF21FE54F300987E7C /* Other view controllers */,
				81ED14E42200BE9600987E7C /* Utils */,
				8153C37421F2364A004C2616 /* Assets.xcassets */,
				8153C37121F23649004C2616 /* Main.storyboard */,
				8153C37621F2364A004C2616 /* LaunchScreen.storyboard */,
				8153C37921F2364A004C2616 /* Info.plist */,
			);
			path = "Home Painter";
			sourceTree = "<group>";
		};
		81EB554B21F8F53800358436 /* Focus Square */ = {
			isa = PBXGroup;
			children = (
				81EB554721F8F4CE00358436 /* FocusSquare.swift */,
				81EB554921F8F4DF00358436 /* FocusSquareSegment.swift */,
			);
			name = "Focus Square";
			path = "New Group";
			sourceTree = "<group>";
		};
		81EB555021F9088100358436 /* VRObjects */ = {
			isa = PBXGroup;
			children = (
				81EB555121F9089300358436 /* VRObject.swift */,
				81ED14DC21FB676400987E7C /* VirtualObjectLoader.swift */,
			);
			path = VRObjects;
			sourceTree = "<group>";
		};
		81ED14DF21FE54F300987E7C /* Other view controllers */ = {
			isa = PBXGroup;
			children = (
				81ED14E021FE555100987E7C /* StatusViewController.swift */,
				81ED14E221FFB41600987E7C /* VirtualObjectSelection.swift */,
			);
			path = "Other view controllers";
			sourceTree = "<group>";
		};
		81ED14E42200BE9600987E7C /* Utils */ = {
			isa = PBXGroup;
			children = (
				81EB554C21F8F9A700358436 /* Utilities.swift */,
			);
			path = Utils;
			sourceTree = "<group>";
		};
/* End PBXGroup section */

/* Begin PBXNativeTarget section */
		8153C36921F23649004C2616 /* Home Painter */ = {
			isa = PBXNativeTarget;
			buildConfigurationList = 8153C37C21F2364A004C2616 /* Build configuration list for PBXNativeTarget "Home Painter" */;
			buildPhases = (
				8153C36621F23649004C2616 /* Sources */,
				8153C36721F23649004C2616 /* Frameworks */,
				8153C36821F23649004C2616 /* Resources */,
			);
			buildRules = (
			);
			dependencies = (
			);
			name = "Home Painter";
			productName = "Home Painter";
			productReference = 8153C36A21F23649004C2616 /* Home Painter.app */;
			productType = "com.apple.product-type.application";
		};
/* End PBXNativeTarget section */

/* Begin PBXProject section */
		8153C36221F23649004C2616 /* Project object */ = {
			isa = PBXProject;
			attributes = {
				LastSwiftUpdateCheck = 1010;
				LastUpgradeCheck = 1010;
				ORGANIZATIONNAME = App;
				TargetAttributes = {
					8153C36921F23649004C2616 = {
						CreatedOnToolsVersion = 10.1;
					};
				};
			};
			buildConfigurationList = 8153C36521F23649004C2616 /* Build configuration list for PBXProject "Home Painter" */;
			compatibilityVersion = "Xcode 9.3";
			developmentRegion = en;
			hasScannedForEncodings = 0;
			knownRegions = (
				en,
				Base,
			);
			mainGroup = 8153C36121F23649004C2616;
			productRefGroup = 8153C36B21F23649004C2616 /* Products */;
			projectDirPath = "";
			projectRoot = "";
			targets = (
				8153C36921F23649004C2616 /* Home Painter */,
			);
		};
/* End PBXProject section */

/* Begin PBXResourcesBuildPhase section */
		8153C36821F23649004C2616 /* Resources */ = {
			isa = PBXResourcesBuildPhase;
			buildActionMask = 2147483647;
			files = (
				8153C37821F2364A004C2616 /* LaunchScreen.storyboard in Resources */,
				8153C37521F2364A004C2616 /* Assets.xcassets in Resources */,
				8153C37321F23649004C2616 /* Main.storyboard in Resources */,
			);
			runOnlyForDeploymentPostprocessing = 0;
		};
/* End PBXResourcesBuildPhase section */

/* Begin PBXSourcesBuildPhase section */
		8153C36621F23649004C2616 /* Sources */ = {
			isa = PBXSourcesBuildPhase;
			buildActionMask = 2147483647;
			files = (
				81EB554F21F9074000358436 /* VirtualObjectARView.swift in Sources */,
				8153C37021F23649004C2616 /* ViewController.swift in Sources */,
				81EB554821F8F4CE00358436 /* FocusSquare.swift in Sources */,
				8153C36E21F23649004C2616 /* AppDelegate.swift in Sources */,
				81EB555221F9089300358436 /* VRObject.swift in Sources */,
				81ED14E321FFB41600987E7C /* VirtualObjectSelection.swift in Sources */,
				81EB554D21F8F9A700358436 /* Utilities.swift in Sources */,
				81ED14DD21FB676400987E7C /* VirtualObjectLoader.swift in Sources */,
				81ED14E121FE555100987E7C /* StatusViewController.swift in Sources */,
				81EB554A21F8F4DF00358436 /* FocusSquareSegment.swift in Sources */,
			);
			runOnlyForDeploymentPostprocessing = 0;
		};
/* End PBXSourcesBuildPhase section */

/* Begin PBXVariantGroup section */
		8153C37121F23649004C2616 /* Main.storyboard */ = {
			isa = PBXVariantGroup;
			children = (
				8153C37221F23649004C2616 /* Base */,
			);
			name = Main.storyboard;
			sourceTree = "<group>";
		};
		8153C37621F2364A004C2616 /* LaunchScreen.storyboard */ = {
			isa = PBXVariantGroup;
			children = (
				8153C37721F2364A004C2616 /* Base */,
			);
			name = LaunchScreen.storyboard;
			sourceTree = "<group>";
		};
/* End PBXVariantGroup section */

/* Begin XCBuildConfiguration section */
		8153C37A21F2364A004C2616 /* Debug */ = {
			isa = XCBuildConfiguration;
			buildSettings = {
				ALWAYS_SEARCH_USER_PATHS = NO;
				CLANG_ANALYZER_NONNULL = YES;
				CLANG_ANALYZER_NUMBER_OBJECT_CONVERSION = YES_AGGRESSIVE;
				CLANG_CXX_LANGUAGE_STANDARD = "gnu++14";
				CLANG_CXX_LIBRARY = "libc++";
				CLANG_ENABLE_MODULES = YES;
				CLANG_ENABLE_OBJC_ARC = YES;
				CLANG_ENABLE_OBJC_WEAK = YES;
				CLANG_WARN_BLOCK_CAPTURE_AUTORELEASING = YES;
				CLANG_WARN_BOOL_CONVERSION = YES;
				CLANG_WARN_COMMA = YES;
				CLANG_WARN_CONSTANT_CONVERSION = YES;
				CLANG_WARN_DEPRECATED_OBJC_IMPLEMENTATIONS = YES;
				CLANG_WARN_DIRECT_OBJC_ISA_USAGE = YES_ERROR;
				CLANG_WARN_DOCUMENTATION_COMMENTS = YES;
				CLANG_WARN_EMPTY_BODY = YES;
				CLANG_WARN_ENUM_CONVERSION = YES;
				CLANG_WARN_INFINITE_RECURSION = YES;
				CLANG_WARN_INT_CONVERSION = YES;
				CLANG_WARN_NON_LITERAL_NULL_CONVERSION = YES;
				CLANG_WARN_OBJC_IMPLICIT_RETAIN_SELF = YES;
				CLANG_WARN_OBJC_LITERAL_CONVERSION = YES;
				CLANG_WARN_OBJC_ROOT_CLASS = YES_ERROR;
				CLANG_WARN_RANGE_LOOP_ANALYSIS = YES;
				CLANG_WARN_STRICT_PROTOTYPES = YES;
				CLANG_WARN_SUSPICIOUS_MOVE = YES;
				CLANG_WARN_UNGUARDED_AVAILABILITY = YES_AGGRESSIVE;
				CLANG_WARN_UNREACHABLE_CODE = YES;
				CLANG_WARN__DUPLICATE_METHOD_MATCH = YES;
				CODE_SIGN_IDENTITY = "iPhone Developer";
				COPY_PHASE_STRIP = NO;
				DEBUG_INFORMATION_FORMAT = dwarf;
				ENABLE_STRICT_OBJC_MSGSEND = YES;
				ENABLE_TESTABILITY = YES;
				GCC_C_LANGUAGE_STANDARD = gnu11;
				GCC_DYNAMIC_NO_PIC = NO;
				GCC_NO_COMMON_BLOCKS = YES;
				GCC_OPTIMIZATION_LEVEL = 0;
				GCC_PREPROCESSOR_DEFINITIONS = (
					"DEBUG=1",
					"$(inherited)",
				);
				GCC_WARN_64_TO_32_BIT_CONVERSION = YES;
				GCC_WARN_ABOUT_RETURN_TYPE = YES_ERROR;
				GCC_WARN_UNDECLARED_SELECTOR = YES;
				GCC_WARN_UNINITIALIZED_AUTOS = YES_AGGRESSIVE;
				GCC_WARN_UNUSED_FUNCTION = YES;
				GCC_WARN_UNUSED_VARIABLE = YES;
				IPHONEOS_DEPLOYMENT_TARGET = 12.1;
				MTL_ENABLE_DEBUG_INFO = INCLUDE_SOURCE;
				MTL_FAST_MATH = YES;
				ONLY_ACTIVE_ARCH = YES;
				SDKROOT = iphoneos;
				SWIFT_ACTIVE_COMPILATION_CONDITIONS = DEBUG;
				SWIFT_OPTIMIZATION_LEVEL = "-Onone";
			};
			name = Debug;
		};
		8153C37B21F2364A004C2616 /* Release */ = {
			isa = XCBuildConfiguration;
			buildSettings = {
				ALWAYS_SEARCH_USER_PATHS = NO;
				CLANG_ANALYZER_NONNULL = YES;
				CLANG_ANALYZER_NUMBER_OBJECT_CONVERSION = YES_AGGRESSIVE;
				CLANG_CXX_LANGUAGE_STANDARD = "gnu++14";
				CLANG_CXX_LIBRARY = "libc++";
				CLANG_ENABLE_MODULES = YES;
				CLANG_ENABLE_OBJC_ARC = YES;
				CLANG_ENABLE_OBJC_WEAK = YES;
				CLANG_WARN_BLOCK_CAPTURE_AUTORELEASING = YES;
				CLANG_WARN_BOOL_CONVERSION = YES;
				CLANG_WARN_COMMA = YES;
				CLANG_WARN_CONSTANT_CONVERSION = YES;
				CLANG_WARN_DEPRECATED_OBJC_IMPLEMENTATIONS = YES;
				CLANG_WARN_DIRECT_OBJC_ISA_USAGE = YES_ERROR;
				CLANG_WARN_DOCUMENTATION_COMMENTS = YES;
				CLANG_WARN_EMPTY_BODY = YES;
				CLANG_WARN_ENUM_CONVERSION = YES;
				CLANG_WARN_INFINITE_RECURSION = YES;
				CLANG_WARN_INT_CONVERSION = YES;
				CLANG_WARN_NON_LITERAL_NULL_CONVERSION = YES;
				CLANG_WARN_OBJC_IMPLICIT_RETAIN_SELF = YES;
				CLANG_WARN_OBJC_LITERAL_CONVERSION = YES;
				CLANG_WARN_OBJC_ROOT_CLASS = YES_ERROR;
				CLANG_WARN_RANGE_LOOP_ANALYSIS = YES;
				CLANG_WARN_STRICT_PROTOTYPES = YES;
				CLANG_WARN_SUSPICIOUS_MOVE = YES;
				CLANG_WARN_UNGUARDED_AVAILABILITY = YES_AGGRESSIVE;
				CLANG_WARN_UNREACHABLE_CODE = YES;
				CLANG_WARN__DUPLICATE_METHOD_MATCH = YES;
				CODE_SIGN_IDENTITY = "iPhone Developer";
				COPY_PHASE_STRIP = NO;
				DEBUG_INFORMATION_FORMAT = "dwarf-with-dsym";
				ENABLE_NS_ASSERTIONS = NO;
				ENABLE_STRICT_OBJC_MSGSEND = YES;
				GCC_C_LANGUAGE_STANDARD = gnu11;
				GCC_NO_COMMON_BLOCKS = YES;
				GCC_WARN_64_TO_32_BIT_CONVERSION = YES;
				GCC_WARN_ABOUT_RETURN_TYPE = YES_ERROR;
				GCC_WARN_UNDECLARED_SELECTOR = YES;
				GCC_WARN_UNINITIALIZED_AUTOS = YES_AGGRESSIVE;
				GCC_WARN_UNUSED_FUNCTION = YES;
				GCC_WARN_UNUSED_VARIABLE = YES;
				IPHONEOS_DEPLOYMENT_TARGET = 12.1;
				MTL_ENABLE_DEBUG_INFO = NO;
				MTL_FAST_MATH = YES;
				SDKROOT = iphoneos;
				SWIFT_COMPILATION_MODE = wholemodule;
				SWIFT_OPTIMIZATION_LEVEL = "-O";
				VALIDATE_PRODUCT = YES;
			};
			name = Release;
		};
		8153C37D21F2364A004C2616 /* Debug */ = {
			isa = XCBuildConfiguration;
			buildSettings = {
				ASSETCATALOG_COMPILER_APPICON_NAME = AppIcon;
				CODE_SIGN_STYLE = Automatic;
				DEVELOPMENT_TEAM = 7M87S4R8FC;
				INFOPLIST_FILE = "Home Painter/Info.plist";
				LD_RUNPATH_SEARCH_PATHS = (
					"$(inherited)",
					"@executable_path/Frameworks",
				);
				PRODUCT_BUNDLE_IDENTIFIER = "ARProjects.Home-Painter";
				PRODUCT_NAME = "$(TARGET_NAME)";
				SWIFT_VERSION = 4.2;
				TARGETED_DEVICE_FAMILY = "1,2";
			};
			name = Debug;
		};
		8153C37E21F2364A004C2616 /* Release */ = {
			isa = XCBuildConfiguration;
			buildSettings = {
				ASSETCATALOG_COMPILER_APPICON_NAME = AppIcon;
				CODE_SIGN_STYLE = Automatic;
				DEVELOPMENT_TEAM = 7M87S4R8FC;
				INFOPLIST_FILE = "Home Painter/Info.plist";
				LD_RUNPATH_SEARCH_PATHS = (
					"$(inherited)",
					"@executable_path/Frameworks",
				);
				PRODUCT_BUNDLE_IDENTIFIER = "ARProjects.Home-Painter";
				PRODUCT_NAME = "$(TARGET_NAME)";
				SWIFT_VERSION = 4.2;
				TARGETED_DEVICE_FAMILY = "1,2";
			};
			name = Release;
		};
/* End XCBuildConfiguration section */

/* Begin XCConfigurationList section */
		8153C36521F23649004C2616 /* Build configuration list for PBXProject "Home Painter" */ = {
			isa = XCConfigurationList;
			buildConfigurations = (
				8153C37A21F2364A004C2616 /* Debug */,
				8153C37B21F2364A004C2616 /* Release */,
			);
			defaultConfigurationIsVisible = 0;
			defaultConfigurationName = Release;
		};
		8153C37C21F2364A004C2616 /* Build configuration list for PBXNativeTarget "Home Painter" */ = {
			isa = XCConfigurationList;
			buildConfigurations = (
				8153C37D21F2364A004C2616 /* Debug */,
				8153C37E21F2364A004C2616 /* Release */,
			);
			defaultConfigurationIsVisible = 0;
			defaultConfigurationName = Release;
		};
/* End XCConfigurationList section */
	};
	rootObject = 8153C36221F23649004C2616 /* Project object */;
}
